// !$*UTF8*$!
{
	archiveVersion = 1;
	classes = {
	};
	objectVersion = 56;
	objects = {

/* Begin PBXBuildFile section */
		1DAE0CC02B3DF350008812D5 /* AppDelegate.swift in Sources */ = {isa = PBXBuildFile; fileRef = 1DAE0CBF2B3DF350008812D5 /* AppDelegate.swift */; };
		1DAE0CC22B3DF350008812D5 /* SceneDelegate.swift in Sources */ = {isa = PBXBuildFile; fileRef = 1DAE0CC12B3DF350008812D5 /* SceneDelegate.swift */; };
		1DAE0CC42B3DF350008812D5 /* FbMenuViewController.swift in Sources */ = {isa = PBXBuildFile; fileRef = 1DAE0CC32B3DF350008812D5 /* FbMenuViewController.swift */; };
		1DAE0CC72B3DF350008812D5 /* Main.storyboard in Resources */ = {isa = PBXBuildFile; fileRef = 1DAE0CC52B3DF350008812D5 /* Main.storyboard */; };
		1DAE0CC92B3DF351008812D5 /* Assets.xcassets in Resources */ = {isa = PBXBuildFile; fileRef = 1DAE0CC82B3DF351008812D5 /* Assets.xcassets */; };
		1DAE0CCC2B3DF351008812D5 /* LaunchScreen.storyboard in Resources */ = {isa = PBXBuildFile; fileRef = 1DAE0CCA2B3DF351008812D5 /* LaunchScreen.storyboard */; };
/* End PBXBuildFile section */

/* Begin PBXFileReference section */
		1DAE0CBC2B3DF350008812D5 /* Project3-FacebookMenuApp.app */ = {isa = PBXFileReference; explicitFileType = wrapper.application; includeInIndex = 0; path = "Project3-FacebookMenuApp.app"; sourceTree = BUILT_PRODUCTS_DIR; };
		1DAE0CBF2B3DF350008812D5 /* AppDelegate.swift */ = {isa = PBXFileReference; lastKnownFileType = sourcecode.swift; path = AppDelegate.swift; sourceTree = "<group>"; };
		1DAE0CC12B3DF350008812D5 /* SceneDelegate.swift */ = {isa = PBXFileReference; lastKnownFileType = sourcecode.swift; path = SceneDelegate.swift; sourceTree = "<group>"; };
		1DAE0CC32B3DF350008812D5 /* FbMenuViewController.swift */ = {isa = PBXFileReference; lastKnownFileType = sourcecode.swift; path = FbMenuViewController.swift; sourceTree = "<group>"; };
		1DAE0CC62B3DF350008812D5 /* Base */ = {isa = PBXFileReference; lastKnownFileType = file.storyboard; name = Base; path = Base.lproj/Main.storyboard; sourceTree = "<group>"; };
		1DAE0CC82B3DF351008812D5 /* Assets.xcassets */ = {isa = PBXFileReference; lastKnownFileType = folder.assetcatalog; path = Assets.xcassets; sourceTree = "<group>"; };
		1DAE0CCB2B3DF351008812D5 /* Base */ = {isa = PBXFileReference; lastKnownFileType = file.storyboard; name = Base; path = Base.lproj/LaunchScreen.storyboard; sourceTree = "<group>"; };
		1DAE0CCD2B3DF351008812D5 /* Info.plist */ = {isa = PBXFileReference; lastKnownFileType = text.plist.xml; path = Info.plist; sourceTree = "<group>"; };
/* End PBXFileReference section */

/* Begin PBXFrameworksBuildPhase section */
		1DAE0CB92B3DF350008812D5 /* Frameworks */ = {
			isa = PBXFrameworksBuildPhase;
			buildActionMask = 2147483647;
			files = (
			);
			runOnlyForDeploymentPostprocessing = 0;
		};
/* End PBXFrameworksBuildPhase section */

/* Begin PBXGroup section */
		1DAE0CB32B3DF350008812D5 = {
			isa = PBXGroup;
			children = (
				1DAE0CBE2B3DF350008812D5 /* Project3-FacebookMenuApp */,
				1DAE0CBD2B3DF350008812D5 /* Products */,
			);
			sourceTree = "<group>";
		};
		1DAE0CBD2B3DF350008812D5 /* Products */ = {
			isa = PBXGroup;
			children = (
				1DAE0CBC2B3DF350008812D5 /* Project3-FacebookMenuApp.app */,
			);
			name = Products;
			sourceTree = "<group>";
		};
		1DAE0CBE2B3DF350008812D5 /* Project3-FacebookMenuApp */ = {
			isa = PBXGroup;
			children = (
				1DAE0CD32B3DF7D5008812D5 /* Controller */,
				1DAE0CD42B3DF801008812D5 /* View */,
				1DAE0CD82B3DF998008812D5 /* Resorces */,
				1DAE0CD92B3DFA28008812D5 /* SupportingFiles */,
			);
			path = "Project3-FacebookMenuApp";
			sourceTree = "<group>";
		};
		1DAE0CD32B3DF7D5008812D5 /* Controller */ = {
			isa = PBXGroup;
			children = (
				1DAE0CC32B3DF350008812D5 /* FbMenuViewController.swift */,
			);
			path = Controller;
			sourceTree = "<group>";
		};
		1DAE0CD42B3DF801008812D5 /* View */ = {
			isa = PBXGroup;
			children = (
				1DAE0CC52B3DF350008812D5 /* Main.storyboard */,
			);
			path = View;
			sourceTree = "<group>";
		};
		1DAE0CD82B3DF998008812D5 /* Resorces */ = {
			isa = PBXGroup;
			children = (
				1DAE0CCA2B3DF351008812D5 /* LaunchScreen.storyboard */,
				1DAE0CC82B3DF351008812D5 /* Assets.xcassets */,
			);
			path = Resorces;
			sourceTree = "<group>";
		};
		1DAE0CD92B3DFA28008812D5 /* SupportingFiles */ = {
			isa = PBXGroup;
			children = (
				1DAE0CBF2B3DF350008812D5 /* AppDelegate.swift */,
				1DAE0CC12B3DF350008812D5 /* SceneDelegate.swift */,
				1DAE0CCD2B3DF351008812D5 /* Info.plist */,
			);
			name = SupportingFiles;
			sourceTree = "<group>";
		};
/* End PBXGroup section */

/* Begin PBXNativeTarget section */
		1DAE0CBB2B3DF350008812D5 /* Project3-FacebookMenuApp */ = {
			isa = PBXNativeTarget;
			buildConfigurationList = 1DAE0CD02B3DF351008812D5 /* Build configuration list for PBXNativeTarget "Project3-FacebookMenuApp" */;
			buildPhases = (
				1DAE0CB82B3DF350008812D5 /* Sources */,
				1DAE0CB92B3DF350008812D5 /* Frameworks */,
				1DAE0CBA2B3DF350008812D5 /* Resources */,
			);
			buildRules = (
			);
			dependencies = (
			);
			name = "Project3-FacebookMenuApp";
			productName = "Project3-FacebookMenuApp";
			productReference = 1DAE0CBC2B3DF350008812D5 /* Project3-FacebookMenuApp.app */;
			productType = "com.apple.product-type.application";
		};
/* End PBXNativeTarget section */

/* Begin PBXProject section */
		1DAE0CB42B3DF350008812D5 /* Project object */ = {
			isa = PBXProject;
			attributes = {
				BuildIndependentTargetsInParallel = 1;
				LastSwiftUpdateCheck = 1500;
				LastUpgradeCheck = 1500;
				TargetAttributes = {
					1DAE0CBB2B3DF350008812D5 = {
						CreatedOnToolsVersion = 15.0;
					};
				};
			};
			buildConfigurationList = 1DAE0CB72B3DF350008812D5 /* Build configuration list for PBXProject "Project3-FacebookMenuApp" */;
			compatibilityVersion = "Xcode 14.0";
			developmentRegion = en;
			hasScannedForEncodings = 0;
			knownRegions = (
				en,
				Base,
			);
			mainGroup = 1DAE0CB32B3DF350008812D5;
			productRefGroup = 1DAE0CBD2B3DF350008812D5 /* Products */;
			projectDirPath = "";
			projectRoot = "";
			targets = (
				1DAE0CBB2B3DF350008812D5 /* Project3-FacebookMenuApp */,
			);
		};
/* End PBXProject section */

/* Begin PBXResourcesBuildPhase section */
		1DAE0CBA2B3DF350008812D5 /* Resources */ = {
			isa = PBXResourcesBuildPhase;
			buildActionMask = 2147483647;
			files = (
				1DAE0CCC2B3DF351008812D5 /* LaunchScreen.storyboard in Resources */,
				1DAE0CC92B3DF351008812D5 /* Assets.xcassets in Resources */,
				1DAE0CC72B3DF350008812D5 /* Main.storyboard in Resources */,
			);
			runOnlyForDeploymentPostprocessing = 0;
		};
/* End PBXResourcesBuildPhase section */

/* Begin PBXSourcesBuildPhase section */
		1DAE0CB82B3DF350008812D5 /* Sources */ = {
			isa = PBXSourcesBuildPhase;
			buildActionMask = 2147483647;
			files = (
				1DAE0CC42B3DF350008812D5 /* FbMenuViewController.swift in Sources */,
				1DAE0CC02B3DF350008812D5 /* AppDelegate.swift in Sources */,
				1DAE0CC22B3DF350008812D5 /* SceneDelegate.swift in Sources */,
			);
			runOnlyForDeploymentPostprocessing = 0;
		};
/* End PBXSourcesBuildPhase section */

/* Begin PBXVariantGroup section */
		1DAE0CC52B3DF350008812D5 /* Main.storyboard */ = {
			isa = PBXVariantGroup;
			children = (
				1DAE0CC62B3DF350008812D5 /* Base */,
			);
			name = Main.storyboard;
			sourceTree = "<group>";
		};
		1DAE0CCA2B3DF351008812D5 /* LaunchScreen.storyboard */ = {
			isa = PBXVariantGroup;
			children = (
				1DAE0CCB2B3DF351008812D5 /* Base */,
			);
			name = LaunchScreen.storyboard;
			sourceTree = "<group>";
		};
/* End PBXVariantGroup section */

/* Begin XCBuildConfiguration section */
		1DAE0CCE2B3DF351008812D5 /* Debug */ = {
			isa = XCBuildConfiguration;
			buildSettings = {
				ALWAYS_SEARCH_USER_PATHS = NO;
				ASSETCATALOG_COMPILER_GENERATE_SWIFT_ASSET_SYMBOL_EXTENSIONS = YES;
				CLANG_ANALYZER_NONNULL = YES;
				CLANG_ANALYZER_NUMBER_OBJECT_CONVERSION = YES_AGGRESSIVE;
				CLANG_CXX_LANGUAGE_STANDARD = "gnu++20";
				CLANG_ENABLE_MODULES = YES;
				CLANG_ENABLE_OBJC_ARC = YES;
				CLANG_ENABLE_OBJC_WEAK = YES;
				CLANG_WARN_BLOCK_CAPTURE_AUTORELEASING = YES;
				CLANG_WARN_BOOL_CONVERSION = YES;
				CLANG_WARN_COMMA = YES;
				CLANG_WARN_CONSTANT_CONVERSION = YES;
				CLANG_WARN_DEPRECATED_OBJC_IMPLEMENTATIONS = YES;
				CLANG_WARN_DIRECT_OBJC_ISA_USAGE = YES_ERROR;
				CLANG_WARN_DOCUMENTATION_COMMENTS = YES;
				CLANG_WARN_EMPTY_BODY = YES;
				CLANG_WARN_ENUM_CONVERSION = YES;
				CLANG_WARN_INFINITE_RECURSION = YES;
				CLANG_WARN_INT_CONVERSION = YES;
				CLANG_WARN_NON_LITERAL_NULL_CONVERSION = YES;
				CLANG_WARN_OBJC_IMPLICIT_RETAIN_SELF = YES;
				CLANG_WARN_OBJC_LITERAL_CONVERSION = YES;
				CLANG_WARN_OBJC_ROOT_CLASS = YES_ERROR;
				CLANG_WARN_QUOTED_INCLUDE_IN_FRAMEWORK_HEADER = YES;
				CLANG_WARN_RANGE_LOOP_ANALYSIS = YES;
				CLANG_WARN_STRICT_PROTOTYPES = YES;
				CLANG_WARN_SUSPICIOUS_MOVE = YES;
				CLANG_WARN_UNGUARDED_AVAILABILITY = YES_AGGRESSIVE;
				CLANG_WARN_UNREACHABLE_CODE = YES;
				CLANG_WARN__DUPLICATE_METHOD_MATCH = YES;
				COPY_PHASE_STRIP = NO;
				DEBUG_INFORMATION_FORMAT = dwarf;
				ENABLE_STRICT_OBJC_MSGSEND = YES;
				ENABLE_TESTABILITY = YES;
				ENABLE_USER_SCRIPT_SANDBOXING = YES;
				GCC_C_LANGUAGE_STANDARD = gnu17;
				GCC_DYNAMIC_NO_PIC = NO;
				GCC_NO_COMMON_BLOCKS = YES;
				GCC_OPTIMIZATION_LEVEL = 0;
				GCC_PREPROCESSOR_DEFINITIONS = (
					"DEBUG=1",
					"$(inherited)",
				);
				GCC_WARN_64_TO_32_BIT_CONVERSION = YES;
				GCC_WARN_ABOUT_RETURN_TYPE = YES_ERROR;
				GCC_WARN_UNDECLARED_SELECTOR = YES;
				GCC_WARN_UNINITIALIZED_AUTOS = YES_AGGRESSIVE;
				GCC_WARN_UNUSED_FUNCTION = YES;
				GCC_WARN_UNUSED_VARIABLE = YES;
				IPHONEOS_DEPLOYMENT_TARGET = 17.0;
				LOCALIZATION_PREFERS_STRING_CATALOGS = YES;
				MTL_ENABLE_DEBUG_INFO = INCLUDE_SOURCE;
				MTL_FAST_MATH = YES;
				ONLY_ACTIVE_ARCH = YES;
				SDKROOT = iphoneos;
				SWIFT_ACTIVE_COMPILATION_CONDITIONS = "DEBUG $(inherited)";
				SWIFT_OPTIMIZATION_LEVEL = "-Onone";
			};
			name = Debug;
		};
		1DAE0CCF2B3DF351008812D5 /* Release */ = {
			isa = XCBuildConfiguration;
			buildSettings = {
				ALWAYS_SEARCH_USER_PATHS = NO;
				ASSETCATALOG_COMPILER_GENERATE_SWIFT_ASSET_SYMBOL_EXTENSIONS = YES;
				CLANG_ANALYZER_NONNULL = YES;
				CLANG_ANALYZER_NUMBER_OBJECT_CONVERSION = YES_AGGRESSIVE;
				CLANG_CXX_LANGUAGE_STANDARD = "gnu++20";
				CLANG_ENABLE_MODULES = YES;
				CLANG_ENABLE_OBJC_ARC = YES;
				CLANG_ENABLE_OBJC_WEAK = YES;
				CLANG_WARN_BLOCK_CAPTURE_AUTORELEASING = YES;
				CLANG_WARN_BOOL_CONVERSION = YES;
				CLANG_WARN_COMMA = YES;
				CLANG_WARN_CONSTANT_CONVERSION = YES;
				CLANG_WARN_DEPRECATED_OBJC_IMPLEMENTATIONS = YES;
				CLANG_WARN_DIRECT_OBJC_ISA_USAGE = YES_ERROR;
				CLANG_WARN_DOCUMENTATION_COMMENTS = YES;
				CLANG_WARN_EMPTY_BODY = YES;
				CLANG_WARN_ENUM_CONVERSION = YES;
				CLANG_WARN_INFINITE_RECURSION = YES;
				CLANG_WARN_INT_CONVERSION = YES;
				CLANG_WARN_NON_LITERAL_NULL_CONVERSION = YES;
				CLANG_WARN_OBJC_IMPLICIT_RETAIN_SELF = YES;
				CLANG_WARN_OBJC_LITERAL_CONVERSION = YES;
				CLANG_WARN_OBJC_ROOT_CLASS = YES_ERROR;
				CLANG_WARN_QUOTED_INCLUDE_IN_FRAMEWORK_HEADER = YES;
				CLANG_WARN_RANGE_LOOP_ANALYSIS = YES;
				CLANG_WARN_STRICT_PROTOTYPES = YES;
				CLANG_WARN_SUSPICIOUS_MOVE = YES;
				CLANG_WARN_UNGUARDED_AVAILABILITY = YES_AGGRESSIVE;
				CLANG_WARN_UNREACHABLE_CODE = YES;
				CLANG_WARN__DUPLICATE_METHOD_MATCH = YES;
				COPY_PHASE_STRIP = NO;
				DEBUG_INFORMATION_FORMAT = "dwarf-with-dsym";
				ENABLE_NS_ASSERTIONS = NO;
				ENABLE_STRICT_OBJC_MSGSEND = YES;
				ENABLE_USER_SCRIPT_SANDBOXING = YES;
				GCC_C_LANGUAGE_STANDARD = gnu17;
				GCC_NO_COMMON_BLOCKS = YES;
				GCC_WARN_64_TO_32_BIT_CONVERSION = YES;
				GCC_WARN_ABOUT_RETURN_TYPE = YES_ERROR;
				GCC_WARN_UNDECLARED_SELECTOR = YES;
				GCC_WARN_UNINITIALIZED_AUTOS = YES_AGGRESSIVE;
				GCC_WARN_UNUSED_FUNCTION = YES;
				GCC_WARN_UNUSED_VARIABLE = YES;
				IPHONEOS_DEPLOYMENT_TARGET = 17.0;
				LOCALIZATION_PREFERS_STRING_CATALOGS = YES;
				MTL_ENABLE_DEBUG_INFO = NO;
				MTL_FAST_MATH = YES;
				SDKROOT = iphoneos;
				SWIFT_COMPILATION_MODE = wholemodule;
				VALIDATE_PRODUCT = YES;
			};
			name = Release;
		};
		1DAE0CD12B3DF351008812D5 /* Debug */ = {
			isa = XCBuildConfiguration;
			buildSettings = {
				ASSETCATALOG_COMPILER_APPICON_NAME = AppIcon;
				ASSETCATALOG_COMPILER_GLOBAL_ACCENT_COLOR_NAME = AccentColor;
				CODE_SIGN_STYLE = Automatic;
				CURRENT_PROJECT_VERSION = 1;
				DEVELOPMENT_TEAM = MN265947VB;
				GENERATE_INFOPLIST_FILE = YES;
				INFOPLIST_FILE = "Project3-FacebookMenuApp/Info.plist";
				INFOPLIST_KEY_UIApplicationSupportsIndirectInputEvents = YES;
				INFOPLIST_KEY_UILaunchStoryboardName = LaunchScreen;
				INFOPLIST_KEY_UIMainStoryboardFile = Main;
				INFOPLIST_KEY_UISupportedInterfaceOrientations_iPad = "UIInterfaceOrientationPortrait UIInterfaceOrientationPortraitUpsideDown UIInterfaceOrientationLandscapeLeft UIInterfaceOrientationLandscapeRight";
				INFOPLIST_KEY_UISupportedInterfaceOrientations_iPhone = "UIInterfaceOrientationPortrait UIInterfaceOrientationLandscapeLeft UIInterfaceOrientationLandscapeRight";
				LD_RUNPATH_SEARCH_PATHS = (
					"$(inherited)",
					"@executable_path/Frameworks",
				);
				MARKETING_VERSION = 1.0;
				PRODUCT_BUNDLE_IDENTIFIER = "com.mahesh.Project3-FacebookMenuApp";
				PRODUCT_NAME = "$(TARGET_NAME)";
				SWIFT_EMIT_LOC_STRINGS = YES;
				SWIFT_VERSION = 5.0;
				TARGETED_DEVICE_FAMILY = "1,2";
			};
			name = Debug;
		};
		1DAE0CD22B3DF351008812D5 /* Release */ = {
			isa = XCBuildConfiguration;
			buildSettings = {
				ASSETCATALOG_COMPILER_APPICON_NAME = AppIcon;
				ASSETCATALOG_COMPILER_GLOBAL_ACCENT_COLOR_NAME = AccentColor;
				CODE_SIGN_STYLE = Automatic;
				CURRENT_PROJECT_VERSION = 1;
				DEVELOPMENT_TEAM = MN265947VB;
				GENERATE_INFOPLIST_FILE = YES;
				INFOPLIST_FILE = "Project3-FacebookMenuApp/Info.plist";
				INFOPLIST_KEY_UIApplicationSupportsIndirectInputEvents = YES;
				INFOPLIST_KEY_UILaunchStoryboardName = LaunchScreen;
				INFOPLIST_KEY_UIMainStoryboardFile = Main;
				INFOPLIST_KEY_UISupportedInterfaceOrientations_iPad = "UIInterfaceOrientationPortrait UIInterfaceOrientationPortraitUpsideDown UIInterfaceOrientationLandscapeLeft UIInterfaceOrientationLandscapeRight";
				INFOPLIST_KEY_UISupportedInterfaceOrientations_iPhone = "UIInterfaceOrientationPortrait UIInterfaceOrientationLandscapeLeft UIInterfaceOrientationLandscapeRight";
				LD_RUNPATH_SEARCH_PATHS = (
					"$(inherited)",
					"@executable_path/Frameworks",
				);
				MARKETING_VERSION = 1.0;
				PRODUCT_BUNDLE_IDENTIFIER = "com.mahesh.Project3-FacebookMenuApp";
				PRODUCT_NAME = "$(TARGET_NAME)";
				SWIFT_EMIT_LOC_STRINGS = YES;
				SWIFT_VERSION = 5.0;
				TARGETED_DEVICE_FAMILY = "1,2";
			};
			name = Release;
		};
/* End XCBuildConfiguration section */

/* Begin XCConfigurationList section */
		1DAE0CB72B3DF350008812D5 /* Build configuration list for PBXProject "Project3-FacebookMenuApp" */ = {
			isa = XCConfigurationList;
			buildConfigurations = (
				1DAE0CCE2B3DF351008812D5 /* Debug */,
				1DAE0CCF2B3DF351008812D5 /* Release */,
			);
			defaultConfigurationIsVisible = 0;
			defaultConfigurationName = Release;
		};
		1DAE0CD02B3DF351008812D5 /* Build configuration list for PBXNativeTarget "Project3-FacebookMenuApp" */ = {
			isa = XCConfigurationList;
			buildConfigurations = (
				1DAE0CD12B3DF351008812D5 /* Debug */,
				1DAE0CD22B3DF351008812D5 /* Release */,
			);
			defaultConfigurationIsVisible = 0;
			defaultConfigurationName = Release;
		};
/* End XCConfigurationList section */
	};
	rootObject = 1DAE0CB42B3DF350008812D5 /* Project object */;
}
